version = 1
revision = 3
requires-python = ">=3.13"

[[package]]
name = "app"
version = "0.1.0"
source = { virtual = "." }
dependencies = [
    { name = "peewee" },
]

[package.metadata]
requires-dist = [{ name = "peewee", specifier = ">=4.5.1" }]

[[package]]
name = "peewee"
version = "4.5.1"
source = { registry = "https://pypi.org/simple" }
sdist = { url = "https://files.pythonhosted.org/packages/ed/9b/74f549937d7edfb75742f426347a7483b0aab70909e2250e44f067027094/peewee-4.5.1.tar.gz", hash = "sha256:8005cb45c54e1a282a2f24ddd583f0f7a80cd5d9c635d50d63f57c11d88c392a", size = 823179, upload-time = "2026-09-08T01:20:10.449Z" }
wheels = [
    { url = "https://files.pythonhosted.org/packages/13/90/3ddf6ef69090c63b6fe0d42b41e5dd3323d95dfe01eda6766305337be862/peewee-4.5.1-py3-none-any.whl", hash = "sha256:dbbdc93e9be08d1df49ceed48dc5d609bfeda6112848086f1f6c1f1debe70975", size = 193883, upload-time = "2026-09-08T01:20:09.027Z" },
]
